// !$*UTF8*$!
{
	archiveVersion = 1;
	classes = {
	};
	objectVersion = 51;
	objects = {

/* Begin PBXBuildFile section */
		1F6681FD2497DDAD00EEE175 /* AppDelegate.swift in Sources */ = {isa = PBXBuildFile; fileRef = 1F6681FC2497DDAD00EEE175 /* AppDelegate.swift */; };
		1F6681FF2497DDAD00EEE175 /* SceneDelegate.swift in Sources */ = {isa = PBXBuildFile; fileRef = 1F6681FE2497DDAD00EEE175 /* SceneDelegate.swift */; };
		1F6682042497DDAD00EEE175 /* Main.storyboard in Resources */ = {isa = PBXBuildFile; fileRef = 1F6682022497DDAD00EEE175 /* Main.storyboard */; };
		1F6682062497DDAF00EEE175 /* Assets.xcassets in Resources */ = {isa = PBXBuildFile; fileRef = 1F6682052497DDAF00EEE175 /* Assets.xcassets */; };
		1F6682092497DDAF00EEE175 /* LaunchScreen.storyboard in Resources */ = {isa = PBXBuildFile; fileRef = 1F6682072497DDAF00EEE175 /* LaunchScreen.storyboard */; };
		1F6682112497E4BE00EEE175 /* MainViewController.swift in Sources */ = {isa = PBXBuildFile; fileRef = 1F6682102497E4BE00EEE175 /* MainViewController.swift */; };
		1F66821324982E3700EEE175 /* CustomTableViewCell.swift in Sources */ = {isa = PBXBuildFile; fileRef = 1F66821224982E3700EEE175 /* CustomTableViewCell.swift */; };
		1F66821724993BE300EEE175 /* PlaceModel.swift in Sources */ = {isa = PBXBuildFile; fileRef = 1F66821624993BE300EEE175 /* PlaceModel.swift */; };
		1F668219249972BB00EEE175 /* NewPlaceViewController.swift in Sources */ = {isa = PBXBuildFile; fileRef = 1F668218249972BB00EEE175 /* NewPlaceViewController.swift */; };
		1FFBAE48249C158400371382 /* StorageManager.swift in Sources */ = {isa = PBXBuildFile; fileRef = 1FFBAE47249C158400371382 /* StorageManager.swift */; };
		85A91792AEC359B3CBFC3F72 /* Pods_MyPlaces.framework in Frameworks */ = {isa = PBXBuildFile; fileRef = CCFD0101CDA8DD6BE4AD9104 /* Pods_MyPlaces.framework */; };
/* End PBXBuildFile section */

/* Begin PBXFileReference section */
		0E9112E6360D4AB74945AF65 /* Pods-MyPlaces.release.xcconfig */ = {isa = PBXFileReference; includeInIndex = 1; lastKnownFileType = text.xcconfig; name = "Pods-MyPlaces.release.xcconfig"; path = "Target Support Files/Pods-MyPlaces/Pods-MyPlaces.release.xcconfig"; sourceTree = "<group>"; };
		1F6681F92497DDAD00EEE175 /* MyPlaces.app */ = {isa = PBXFileReference; explicitFileType = wrapper.application; includeInIndex = 0; path = MyPlaces.app; sourceTree = BUILT_PRODUCTS_DIR; };
		1F6681FC2497DDAD00EEE175 /* AppDelegate.swift */ = {isa = PBXFileReference; lastKnownFileType = sourcecode.swift; path = AppDelegate.swift; sourceTree = "<group>"; };
		1F6681FE2497DDAD00EEE175 /* SceneDelegate.swift */ = {isa = PBXFileReference; lastKnownFileType = sourcecode.swift; path = SceneDelegate.swift; sourceTree = "<group>"; };
		1F6682032497DDAD00EEE175 /* Base */ = {isa = PBXFileReference; lastKnownFileType = file.storyboard; name = Base; path = Base.lproj/Main.storyboard; sourceTree = "<group>"; };
		1F6682052497DDAF00EEE175 /* Assets.xcassets */ = {isa = PBXFileReference; lastKnownFileType = folder.assetcatalog; path = Assets.xcassets; sourceTree = "<group>"; };
		1F6682082497DDAF00EEE175 /* Base */ = {isa = PBXFileReference; lastKnownFileType = file.storyboard; name = Base; path = Base.lproj/LaunchScreen.storyboard; sourceTree = "<group>"; };
		1F66820A2497DDAF00EEE175 /* Info.plist */ = {isa = PBXFileReference; lastKnownFileType = text.plist.xml; path = Info.plist; sourceTree = "<group>"; };
		1F6682102497E4BE00EEE175 /* MainViewController.swift */ = {isa = PBXFileReference; lastKnownFileType = sourcecode.swift; path = MainViewController.swift; sourceTree = "<group>"; };
		1F66821224982E3700EEE175 /* CustomTableViewCell.swift */ = {isa = PBXFileReference; lastKnownFileType = sourcecode.swift; path = CustomTableViewCell.swift; sourceTree = "<group>"; };
		1F66821624993BE300EEE175 /* PlaceModel.swift */ = {isa = PBXFileReference; lastKnownFileType = sourcecode.swift; path = PlaceModel.swift; sourceTree = "<group>"; };
		1F668218249972BB00EEE175 /* NewPlaceViewController.swift */ = {isa = PBXFileReference; lastKnownFileType = sourcecode.swift; path = NewPlaceViewController.swift; sourceTree = "<group>"; };
		1FFBAE47249C158400371382 /* StorageManager.swift */ = {isa = PBXFileReference; lastKnownFileType = sourcecode.swift; path = StorageManager.swift; sourceTree = "<group>"; };
		5BBCF582504B0FE9455B8B34 /* Pods-MyPlaces.debug.xcconfig */ = {isa = PBXFileReference; includeInIndex = 1; lastKnownFileType = text.xcconfig; name = "Pods-MyPlaces.debug.xcconfig"; path = "Target Support Files/Pods-MyPlaces/Pods-MyPlaces.debug.xcconfig"; sourceTree = "<group>"; };
		CCFD0101CDA8DD6BE4AD9104 /* Pods_MyPlaces.framework */ = {isa = PBXFileReference; explicitFileType = wrapper.framework; includeInIndex = 0; path = Pods_MyPlaces.framework; sourceTree = BUILT_PRODUCTS_DIR; };
/* End PBXFileReference section */

/* Begin PBXFrameworksBuildPhase section */
		1F6681F62497DDAD00EEE175 /* Frameworks */ = {
			isa = PBXFrameworksBuildPhase;
			buildActionMask = 2147483647;
			files = (
				85A91792AEC359B3CBFC3F72 /* Pods_MyPlaces.framework in Frameworks */,
			);
			runOnlyForDeploymentPostprocessing = 0;
		};
/* End PBXFrameworksBuildPhase section */

/* Begin PBXGroup section */
		1F6681F02497DDAD00EEE175 = {
			isa = PBXGroup;
			children = (
				1F6681FB2497DDAD00EEE175 /* MyPlaces */,
				1F6681FA2497DDAD00EEE175 /* Products */,
				C71AE47E26988D15EC5BA155 /* Pods */,
				810744C370438581C0E152A4 /* Frameworks */,
			);
			sourceTree = "<group>";
		};
		1F6681FA2497DDAD00EEE175 /* Products */ = {
			isa = PBXGroup;
			children = (
				1F6681F92497DDAD00EEE175 /* MyPlaces.app */,
			);
			name = Products;
			sourceTree = "<group>";
		};
		1F6681FB2497DDAD00EEE175 /* MyPlaces */ = {
			isa = PBXGroup;
			children = (
				1F6681FC2497DDAD00EEE175 /* AppDelegate.swift */,
				1F6681FE2497DDAD00EEE175 /* SceneDelegate.swift */,
				1F6682102497E4BE00EEE175 /* MainViewController.swift */,
				1F66821224982E3700EEE175 /* CustomTableViewCell.swift */,
				1F66821624993BE300EEE175 /* PlaceModel.swift */,
				1FFBAE47249C158400371382 /* StorageManager.swift */,
				1F668218249972BB00EEE175 /* NewPlaceViewController.swift */,
				1F6682022497DDAD00EEE175 /* Main.storyboard */,
				1F6682052497DDAF00EEE175 /* Assets.xcassets */,
				1F6682072497DDAF00EEE175 /* LaunchScreen.storyboard */,
				1F66820A2497DDAF00EEE175 /* Info.plist */,
			);
			path = MyPlaces;
			sourceTree = "<group>";
		};
		810744C370438581C0E152A4 /* Frameworks */ = {
			isa = PBXGroup;
			children = (
				CCFD0101CDA8DD6BE4AD9104 /* Pods_MyPlaces.framework */,
			);
			name = Frameworks;
			sourceTree = "<group>";
		};
		C71AE47E26988D15EC5BA155 /* Pods */ = {
			isa = PBXGroup;
			children = (
				5BBCF582504B0FE9455B8B34 /* Pods-MyPlaces.debug.xcconfig */,
				0E9112E6360D4AB74945AF65 /* Pods-MyPlaces.release.xcconfig */,
			);
			path = Pods;
			sourceTree = "<group>";
		};
/* End PBXGroup section */

/* Begin PBXNativeTarget section */
		1F6681F82497DDAD00EEE175 /* MyPlaces */ = {
			isa = PBXNativeTarget;
			buildConfigurationList = 1F66820D2497DDAF00EEE175 /* Build configuration list for PBXNativeTarget "MyPlaces" */;
			buildPhases = (
				9B605B15B45C832F0F80476B /* [CP] Check Pods Manifest.lock */,
				1F6681F52497DDAD00EEE175 /* Sources */,
				1F6681F62497DDAD00EEE175 /* Frameworks */,
				1F6681F72497DDAD00EEE175 /* Resources */,
				60A5ACC872470CB62C7CD605 /* [CP] Embed Pods Frameworks */,
			);
			buildRules = (
			);
			dependencies = (
			);
			name = MyPlaces;
			productName = MyPlaces;
			productReference = 1F6681F92497DDAD00EEE175 /* MyPlaces.app */;
			productType = "com.apple.product-type.application";
		};
/* End PBXNativeTarget section */

/* Begin PBXProject section */
		1F6681F12497DDAD00EEE175 /* Project object */ = {
			isa = PBXProject;
			attributes = {
				LastSwiftUpdateCheck = 1150;
				LastUpgradeCheck = 1150;
				ORGANIZATIONNAME = "Jasurbek Komilov";
				TargetAttributes = {
					1F6681F82497DDAD00EEE175 = {
						CreatedOnToolsVersion = 11.5;
					};
				};
			};
			buildConfigurationList = 1F6681F42497DDAD00EEE175 /* Build configuration list for PBXProject "MyPlaces" */;
			compatibilityVersion = "Xcode 9.3";
			developmentRegion = en;
			hasScannedForEncodings = 0;
			knownRegions = (
				en,
				Base,
			);
			mainGroup = 1F6681F02497DDAD00EEE175;
			productRefGroup = 1F6681FA2497DDAD00EEE175 /* Products */;
			projectDirPath = "";
			projectRoot = "";
			targets = (
				1F6681F82497DDAD00EEE175 /* MyPlaces */,
			);
		};
/* End PBXProject section */

/* Begin PBXResourcesBuildPhase section */
		1F6681F72497DDAD00EEE175 /* Resources */ = {
			isa = PBXResourcesBuildPhase;
			buildActionMask = 2147483647;
			files = (
				1F6682092497DDAF00EEE175 /* LaunchScreen.storyboard in Resources */,
				1F6682062497DDAF00EEE175 /* Assets.xcassets in Resources */,
				1F6682042497DDAD00EEE175 /* Main.storyboard in Resources */,
			);
			runOnlyForDeploymentPostprocessing = 0;
		};
/* End PBXResourcesBuildPhase section */

/* Begin PBXShellScriptBuildPhase section */
		60A5ACC872470CB62C7CD605 /* [CP] Embed Pods Frameworks */ = {
			isa = PBXShellScriptBuildPhase;
			buildActionMask = 2147483647;
			files = (
			);
			inputFileListPaths = (
				"${PODS_ROOT}/Target Support Files/Pods-MyPlaces/Pods-MyPlaces-frameworks-${CONFIGURATION}-input-files.xcfilelist",
			);
			name = "[CP] Embed Pods Frameworks";
			outputFileListPaths = (
				"${PODS_ROOT}/Target Support Files/Pods-MyPlaces/Pods-MyPlaces-frameworks-${CONFIGURATION}-output-files.xcfilelist",
			);
			runOnlyForDeploymentPostprocessing = 0;
			shellPath = /bin/sh;
			shellScript = "\"${PODS_ROOT}/Target Support Files/Pods-MyPlaces/Pods-MyPlaces-frameworks.sh\"\n";
			showEnvVarsInLog = 0;
		};
		9B605B15B45C832F0F80476B /* [CP] Check Pods Manifest.lock */ = {
			isa = PBXShellScriptBuildPhase;
			buildActionMask = 2147483647;
			files = (
			);
			inputFileListPaths = (
			);
			inputPaths = (
				"${PODS_PODFILE_DIR_PATH}/Podfile.lock",
				"${PODS_ROOT}/Manifest.lock",
			);
			name = "[CP] Check Pods Manifest.lock";
			outputFileListPaths = (
			);
			outputPaths = (
				"$(DERIVED_FILE_DIR)/Pods-MyPlaces-checkManifestLockResult.txt",
			);
			runOnlyForDeploymentPostprocessing = 0;
			shellPath = /bin/sh;
			shellScript = "diff \"${PODS_PODFILE_DIR_PATH}/Podfile.lock\" \"${PODS_ROOT}/Manifest.lock\" > /dev/null\nif [ $? != 0 ] ; then\n    # print error to STDERR\n    echo \"error: The sandbox is not in sync with the Podfile.lock. Run 'pod install' or update your CocoaPods installation.\" >&2\n    exit 1\nfi\n# This output is used by Xcode 'outputs' to avoid re-running this script phase.\necho \"SUCCESS\" > \"${SCRIPT_OUTPUT_FILE_0}\"\n";
			showEnvVarsInLog = 0;
		};
/* End PBXShellScriptBuildPhase section */

/* Begin PBXSourcesBuildPhase section */
		1F6681F52497DDAD00EEE175 /* Sources */ = {
			isa = PBXSourcesBuildPhase;
			buildActionMask = 2147483647;
			files = (
				1F6682112497E4BE00EEE175 /* MainViewController.swift in Sources */,
				1F668219249972BB00EEE175 /* NewPlaceViewController.swift in Sources */,
				1F6681FD2497DDAD00EEE175 /* AppDelegate.swift in Sources */,
				1FFBAE48249C158400371382 /* StorageManager.swift in Sources */,
				1F66821724993BE300EEE175 /* PlaceModel.swift in Sources */,
				1F66821324982E3700EEE175 /* CustomTableViewCell.swift in Sources */,
				1F6681FF2497DDAD00EEE175 /* SceneDelegate.swift in Sources */,
			);
			runOnlyForDeploymentPostprocessing = 0;
		};
/* End PBXSourcesBuildPhase section */

/* Begin PBXVariantGroup section */
		1F6682022497DDAD00EEE175 /* Main.storyboard */ = {
			isa = PBXVariantGroup;
			children = (
				1F6682032497DDAD00EEE175 /* Base */,
			);
			name = Main.storyboard;
			sourceTree = "<group>";
		};
		1F6682072497DDAF00EEE175 /* LaunchScreen.storyboard */ = {
			isa = PBXVariantGroup;
			children = (
				1F6682082497DDAF00EEE175 /* Base */,
			);
			name = LaunchScreen.storyboard;
			sourceTree = "<group>";
		};
/* End PBXVariantGroup section */

/* Begin XCBuildConfiguration section */
		1F66820B2497DDAF00EEE175 /* Debug */ = {
			isa = XCBuildConfiguration;
			buildSettings = {
				ALWAYS_SEARCH_USER_PATHS = NO;
				CLANG_ANALYZER_NONNULL = YES;
				CLANG_ANALYZER_NUMBER_OBJECT_CONVERSION = YES_AGGRESSIVE;
				CLANG_CXX_LANGUAGE_STANDARD = "gnu++14";
				CLANG_CXX_LIBRARY = "libc++";
				CLANG_ENABLE_MODULES = YES;
				CLANG_ENABLE_OBJC_ARC = YES;
				CLANG_ENABLE_OBJC_WEAK = YES;
				CLANG_WARN_BLOCK_CAPTURE_AUTORELEASING = YES;
				CLANG_WARN_BOOL_CONVERSION = YES;
				CLANG_WARN_COMMA = YES;
				CLANG_WARN_CONSTANT_CONVERSION = YES;
				CLANG_WARN_DEPRECATED_OBJC_IMPLEMENTATIONS = YES;
				CLANG_WARN_DIRECT_OBJC_ISA_USAGE = YES_ERROR;
				CLANG_WARN_DOCUMENTATION_COMMENTS = YES;
				CLANG_WARN_EMPTY_BODY = YES;
				CLANG_WARN_ENUM_CONVERSION = YES;
				CLANG_WARN_INFINITE_RECURSION = YES;
				CLANG_WARN_INT_CONVERSION = YES;
				CLANG_WARN_NON_LITERAL_NULL_CONVERSION = YES;
				CLANG_WARN_OBJC_IMPLICIT_RETAIN_SELF = YES;
				CLANG_WARN_OBJC_LITERAL_CONVERSION = YES;
				CLANG_WARN_OBJC_ROOT_CLASS = YES_ERROR;
				CLANG_WARN_RANGE_LOOP_ANALYSIS = YES;
				CLANG_WARN_STRICT_PROTOTYPES = YES;
				CLANG_WARN_SUSPICIOUS_MOVE = YES;
				CLANG_WARN_UNGUARDED_AVAILABILITY = YES_AGGRESSIVE;
				CLANG_WARN_UNREACHABLE_CODE = YES;
				CLANG_WARN__DUPLICATE_METHOD_MATCH = YES;
				COPY_PHASE_STRIP = NO;
				DEBUG_INFORMATION_FORMAT = dwarf;
				ENABLE_STRICT_OBJC_MSGSEND = YES;
				ENABLE_TESTABILITY = YES;
				GCC_C_LANGUAGE_STANDARD = gnu11;
				GCC_DYNAMIC_NO_PIC = NO;
				GCC_NO_COMMON_BLOCKS = YES;
				GCC_OPTIMIZATION_LEVEL = 0;
				GCC_PREPROCESSOR_DEFINITIONS = (
					"DEBUG=1",
					"$(inherited)",
				);
				GCC_WARN_64_TO_32_BIT_CONVERSION = YES;
				GCC_WARN_ABOUT_RETURN_TYPE = YES_ERROR;
				GCC_WARN_UNDECLARED_SELECTOR = YES;
				GCC_WARN_UNINITIALIZED_AUTOS = YES_AGGRESSIVE;
				GCC_WARN_UNUSED_FUNCTION = YES;
				GCC_WARN_UNUSED_VARIABLE = YES;
				IPHONEOS_DEPLOYMENT_TARGET = 13.5;
				MTL_ENABLE_DEBUG_INFO = INCLUDE_SOURCE;
				MTL_FAST_MATH = YES;
				ONLY_ACTIVE_ARCH = YES;
				SDKROOT = iphoneos;
				SWIFT_ACTIVE_COMPILATION_CONDITIONS = DEBUG;
				SWIFT_OPTIMIZATION_LEVEL = "-Onone";
			};
			name = Debug;
		};
		1F66820C2497DDAF00EEE175 /* Release */ = {
			isa = XCBuildConfiguration;
			buildSettings = {
				ALWAYS_SEARCH_USER_PATHS = NO;
				CLANG_ANALYZER_NONNULL = YES;
				CLANG_ANALYZER_NUMBER_OBJECT_CONVERSION = YES_AGGRESSIVE;
				CLANG_CXX_LANGUAGE_STANDARD = "gnu++14";
				CLANG_CXX_LIBRARY = "libc++";
				CLANG_ENABLE_MODULES = YES;
				CLANG_ENABLE_OBJC_ARC = YES;
				CLANG_ENABLE_OBJC_WEAK = YES;
				CLANG_WARN_BLOCK_CAPTURE_AUTORELEASING = YES;
				CLANG_WARN_BOOL_CONVERSION = YES;
				CLANG_WARN_COMMA = YES;
				CLANG_WARN_CONSTANT_CONVERSION = YES;
				CLANG_WARN_DEPRECATED_OBJC_IMPLEMENTATIONS = YES;
				CLANG_WARN_DIRECT_OBJC_ISA_USAGE = YES_ERROR;
				CLANG_WARN_DOCUMENTATION_COMMENTS = YES;
				CLANG_WARN_EMPTY_BODY = YES;
				CLANG_WARN_ENUM_CONVERSION = YES;
				CLANG_WARN_INFINITE_RECURSION = YES;
				CLANG_WARN_INT_CONVERSION = YES;
				CLANG_WARN_NON_LITERAL_NULL_CONVERSION = YES;
				CLANG_WARN_OBJC_IMPLICIT_RETAIN_SELF = YES;
				CLANG_WARN_OBJC_LITERAL_CONVERSION = YES;
				CLANG_WARN_OBJC_ROOT_CLASS = YES_ERROR;
				CLANG_WARN_RANGE_LOOP_ANALYSIS = YES;
				CLANG_WARN_STRICT_PROTOTYPES = YES;
				CLANG_WARN_SUSPICIOUS_MOVE = YES;
				CLANG_WARN_UNGUARDED_AVAILABILITY = YES_AGGRESSIVE;
				CLANG_WARN_UNREACHABLE_CODE = YES;
				CLANG_WARN__DUPLICATE_METHOD_MATCH = YES;
				COPY_PHASE_STRIP = NO;
				DEBUG_INFORMATION_FORMAT = "dwarf-with-dsym";
				ENABLE_NS_ASSERTIONS = NO;
				ENABLE_STRICT_OBJC_MSGSEND = YES;
				GCC_C_LANGUAGE_STANDARD = gnu11;
				GCC_NO_COMMON_BLOCKS = YES;
				GCC_WARN_64_TO_32_BIT_CONVERSION = YES;
				GCC_WARN_ABOUT_RETURN_TYPE = YES_ERROR;
				GCC_WARN_UNDECLARED_SELECTOR = YES;
				GCC_WARN_UNINITIALIZED_AUTOS = YES_AGGRESSIVE;
				GCC_WARN_UNUSED_FUNCTION = YES;
				GCC_WARN_UNUSED_VARIABLE = YES;
				IPHONEOS_DEPLOYMENT_TARGET = 13.5;
				MTL_ENABLE_DEBUG_INFO = NO;
				MTL_FAST_MATH = YES;
				SDKROOT = iphoneos;
				SWIFT_COMPILATION_MODE = wholemodule;
				SWIFT_OPTIMIZATION_LEVEL = "-O";
				VALIDATE_PRODUCT = YES;
			};
			name = Release;
		};
		1F66820E2497DDAF00EEE175 /* Debug */ = {
			isa = XCBuildConfiguration;
			baseConfigurationReference = 5BBCF582504B0FE9455B8B34 /* Pods-MyPlaces.debug.xcconfig */;
			buildSettings = {
				ASSETCATALOG_COMPILER_APPICON_NAME = AppIcon;
				CODE_SIGN_STYLE = Automatic;
				DEVELOPMENT_TEAM = LVKDL49GAG;
				INFOPLIST_FILE = MyPlaces/Info.plist;
				LD_RUNPATH_SEARCH_PATHS = (
					"$(inherited)",
					"@executable_path/Frameworks",
				);
				PRODUCT_BUNDLE_IDENTIFIER = komilov.classes.MyPlaces;
				PRODUCT_NAME = "$(TARGET_NAME)";
				SWIFT_VERSION = 5.0;
				TARGETED_DEVICE_FAMILY = "1,2";
			};
			name = Debug;
		};
		1F66820F2497DDAF00EEE175 /* Release */ = {
			isa = XCBuildConfiguration;
			baseConfigurationReference = 0E9112E6360D4AB74945AF65 /* Pods-MyPlaces.release.xcconfig */;
			buildSettings = {
				ASSETCATALOG_COMPILER_APPICON_NAME = AppIcon;
				CODE_SIGN_STYLE = Automatic;
				DEVELOPMENT_TEAM = LVKDL49GAG;
				INFOPLIST_FILE = MyPlaces/Info.plist;
				LD_RUNPATH_SEARCH_PATHS = (
					"$(inherited)",
					"@executable_path/Frameworks",
				);
				PRODUCT_BUNDLE_IDENTIFIER = komilov.classes.MyPlaces;
				PRODUCT_NAME = "$(TARGET_NAME)";
				SWIFT_VERSION = 5.0;
				TARGETED_DEVICE_FAMILY = "1,2";
			};
			name = Release;
		};
/* End XCBuildConfiguration section */

/* Begin XCConfigurationList section */
		1F6681F42497DDAD00EEE175 /* Build configuration list for PBXProject "MyPlaces" */ = {
			isa = XCConfigurationList;
			buildConfigurations = (
				1F66820B2497DDAF00EEE175 /* Debug */,
				1F66820C2497DDAF00EEE175 /* Release */,
			);
			defaultConfigurationIsVisible = 0;
			defaultConfigurationName = Release;
		};
		1F66820D2497DDAF00EEE175 /* Build configuration list for PBXNativeTarget "MyPlaces" */ = {
			isa = XCConfigurationList;
			buildConfigurations = (
				1F66820E2497DDAF00EEE175 /* Debug */,
				1F66820F2497DDAF00EEE175 /* Release */,
			);
			defaultConfigurationIsVisible = 0;
			defaultConfigurationName = Release;
		};
/* End XCConfigurationList section */
	};
	rootObject = 1F6681F12497DDAD00EEE175 /* Project object */;
}
